
Microsoft Visual Studio Solution File, Format Version 12.00
# Visual Studio Version 17
VisualStudioVersion = 17.0.32014.148
MinimumVisualStudioVersion = 10.0.40219.1
Project("{FAE04EC0-301F-11D3-BF4B-00C04F79EFBC}") = "PSP02_TE01_AlquilerBicisDonostia", "PSP02_TE01_AlquilerBicisDonostia\PSP02_TE01_AlquilerBicisDonostia.csproj", "{72C20415-325B-440C-B4CC-1369A10DE607}"
EndProject
Global
	GlobalSection(SolutionConfigurationPlatforms) = preSolution
		Debug|Any CPU = Debug|Any CPU
		Release|Any CPU = Release|Any CPU
	EndGlobalSection
	GlobalSection(ProjectConfigurationPlatforms) = postSolution
		{72C20415-325B-440C-B4CC-1369A10DE607}.Debug|Any CPU.ActiveCfg = Debug|Any CPU
		{72C20415-325B-440C-B4CC-1369A10DE607}.Debug|Any CPU.Build.0 = Debug|Any CPU
		{72C20415-325B-440C-B4CC-1369A10DE607}.Release|Any CPU.ActiveCfg = Release|Any CPU
		{72C20415-325B-440C-B4CC-1369A10DE607}.Release|Any CPU.Build.0 = Release|Any CPU
	EndGlobalSection
	GlobalSection(SolutionProperties) = preSolution
		HideSolutionNode = FALSE
	EndGlobalSection
	GlobalSection(ExtensibilityGlobals) = postSolution
		SolutionGuid = {BF49E9CF-DCEF-4DF1-A4FC-5312BA260839}
	EndGlobalSection
EndGlobal
